<?xml version="1.0" encoding="utf-8"?>
<Project ToolsVersion="4.0" xmlns="http://schemas.microsoft.com/developer/msbuild/2003">
  <ItemGroup>
    <CustomBuild Include="CMakeFiles\fabfb89a4d6ef1694c72e1321ebf349f\INSTALL_force.rule">
      <Filter>CMake Rules</Filter>
    </CustomBuild>
  </ItemGroup>
  <ItemGroup>
    <Filter Include="CMake Rules">
      <UniqueIdentifier>{40A2CEB1-BA76-4AFE-8557-3D71310D9D1A}</UniqueIdentifier>
    </Filter>
  </ItemGroup>
</Project>
