Microsoft Visual Studio Solution File, Format Version 12.00
# Visual Studio 2012
Project("{8BC9CEB8-8B4A-11D0-8D11-00A0C91BC942}") = "ALL_BUILD", "ALL_BUILD.vcxproj", "{6B583D81-D4D3-4C11-8EC1-501AAFF199D3}"
	ProjectSection(ProjectDependencies) = postProject
		{74191663-9EB3-40B1-B8AA-2CEDC4ECB438} = {74191663-9EB3-40B1-B8AA-2CEDC4ECB438}
		{2B7481F4-EE91-4224-BEAA-7D40899132C2} = {2B7481F4-EE91-4224-BEAA-7D40899132C2}
		{D2D026ED-ABB6-4696-8FF5-50F0FC451C91} = {D2D026ED-ABB6-4696-8FF5-50F0FC451C91}
		{ABBD126A-9A4C-478B-9042-C116892DB354} = {ABBD126A-9A4C-478B-9042-C116892DB354}
	EndProjectSection
EndProject
Project("{8BC9CEB8-8B4A-11D0-8D11-00A0C91BC942}") = "INSTALL", "INSTALL.vcxproj", "{F7C8F12F-08FF-4E8A-B9A7-BBDC5F147887}"
	ProjectSection(ProjectDependencies) = postProject
		{6B583D81-D4D3-4C11-8EC1-501AAFF199D3} = {6B583D81-D4D3-4C11-8EC1-501AAFF199D3}
	EndProjectSection
EndProject
Project("{8BC9CEB8-8B4A-11D0-8D11-00A0C91BC942}") = "OpenAL32", "OpenAL32.vcxproj", "{74191663-9EB3-40B1-B8AA-2CEDC4ECB438}"
	ProjectSection(ProjectDependencies) = postProject
		{2B7481F4-EE91-4224-BEAA-7D40899132C2} = {2B7481F4-EE91-4224-BEAA-7D40899132C2}
	EndProjectSection
EndProject
Project("{8BC9CEB8-8B4A-11D0-8D11-00A0C91BC942}") = "ZERO_CHECK", "ZERO_CHECK.vcxproj", "{2B7481F4-EE91-4224-BEAA-7D40899132C2}"
	ProjectSection(ProjectDependencies) = postProject
	EndProjectSection
EndProject
Project("{8BC9CEB8-8B4A-11D0-8D11-00A0C91BC942}") = "makehrtf", "makehrtf.vcxproj", "{D2D026ED-ABB6-4696-8FF5-50F0FC451C91}"
	ProjectSection(ProjectDependencies) = postProject
		{2B7481F4-EE91-4224-BEAA-7D40899132C2} = {2B7481F4-EE91-4224-BEAA-7D40899132C2}
	EndProjectSection
EndProject
Project("{8BC9CEB8-8B4A-11D0-8D11-00A0C91BC942}") = "openal-info", "openal-info.vcxproj", "{ABBD126A-9A4C-478B-9042-C116892DB354}"
	ProjectSection(ProjectDependencies) = postProject
		{74191663-9EB3-40B1-B8AA-2CEDC4ECB438} = {74191663-9EB3-40B1-B8AA-2CEDC4ECB438}
		{2B7481F4-EE91-4224-BEAA-7D40899132C2} = {2B7481F4-EE91-4224-BEAA-7D40899132C2}
	EndProjectSection
EndProject
Global
	GlobalSection(SolutionConfigurationPlatforms) = preSolution
		Debug|Win32 = Debug|Win32
		Release|Win32 = Release|Win32
		MinSizeRel|Win32 = MinSizeRel|Win32
		RelWithDebInfo|Win32 = RelWithDebInfo|Win32
	EndGlobalSection
	GlobalSection(ProjectConfigurationPlatforms) = postSolution
		{6B583D81-D4D3-4C11-8EC1-501AAFF199D3}.Debug|Win32.ActiveCfg = Debug|Win32
		{6B583D81-D4D3-4C11-8EC1-501AAFF199D3}.Debug|Win32.Build.0 = Debug|Win32
		{6B583D81-D4D3-4C11-8EC1-501AAFF199D3}.Release|Win32.ActiveCfg = Release|Win32
		{6B583D81-D4D3-4C11-8EC1-501AAFF199D3}.Release|Win32.Build.0 = Release|Win32
		{6B583D81-D4D3-4C11-8EC1-501AAFF199D3}.MinSizeRel|Win32.ActiveCfg = MinSizeRel|Win32
		{6B583D81-D4D3-4C11-8EC1-501AAFF199D3}.MinSizeRel|Win32.Build.0 = MinSizeRel|Win32
		{6B583D81-D4D3-4C11-8EC1-501AAFF199D3}.RelWithDebInfo|Win32.ActiveCfg = RelWithDebInfo|Win32
		{6B583D81-D4D3-4C11-8EC1-501AAFF199D3}.RelWithDebInfo|Win32.Build.0 = RelWithDebInfo|Win32
		{F7C8F12F-08FF-4E8A-B9A7-BBDC5F147887}.Debug|Win32.ActiveCfg = Debug|Win32
		{F7C8F12F-08FF-4E8A-B9A7-BBDC5F147887}.Release|Win32.ActiveCfg = Release|Win32
		{F7C8F12F-08FF-4E8A-B9A7-BBDC5F147887}.MinSizeRel|Win32.ActiveCfg = MinSizeRel|Win32
		{F7C8F12F-08FF-4E8A-B9A7-BBDC5F147887}.RelWithDebInfo|Win32.ActiveCfg = RelWithDebInfo|Win32
		{74191663-9EB3-40B1-B8AA-2CEDC4ECB438}.Debug|Win32.ActiveCfg = Debug|Win32
		{74191663-9EB3-40B1-B8AA-2CEDC4ECB438}.Debug|Win32.Build.0 = Debug|Win32
		{74191663-9EB3-40B1-B8AA-2CEDC4ECB438}.Release|Win32.ActiveCfg = Release|Win32
		{74191663-9EB3-40B1-B8AA-2CEDC4ECB438}.Release|Win32.Build.0 = Release|Win32
		{74191663-9EB3-40B1-B8AA-2CEDC4ECB438}.MinSizeRel|Win32.ActiveCfg = MinSizeRel|Win32
		{74191663-9EB3-40B1-B8AA-2CEDC4ECB438}.MinSizeRel|Win32.Build.0 = MinSizeRel|Win32
		{74191663-9EB3-40B1-B8AA-2CEDC4ECB438}.RelWithDebInfo|Win32.ActiveCfg = RelWithDebInfo|Win32
		{74191663-9EB3-40B1-B8AA-2CEDC4ECB438}.RelWithDebInfo|Win32.Build.0 = RelWithDebInfo|Win32
		{2B7481F4-EE91-4224-BEAA-7D40899132C2}.Debug|Win32.ActiveCfg = Debug|Win32
		{2B7481F4-EE91-4224-BEAA-7D40899132C2}.Debug|Win32.Build.0 = Debug|Win32
		{2B7481F4-EE91-4224-BEAA-7D40899132C2}.Release|Win32.ActiveCfg = Release|Win32
		{2B7481F4-EE91-4224-BEAA-7D40899132C2}.Release|Win32.Build.0 = Release|Win32
		{2B7481F4-EE91-4224-BEAA-7D40899132C2}.MinSizeRel|Win32.ActiveCfg = MinSizeRel|Win32
		{2B7481F4-EE91-4224-BEAA-7D40899132C2}.MinSizeRel|Win32.Build.0 = MinSizeRel|Win32
		{2B7481F4-EE91-4224-BEAA-7D40899132C2}.RelWithDebInfo|Win32.ActiveCfg = RelWithDebInfo|Win32
		{2B7481F4-EE91-4224-BEAA-7D40899132C2}.RelWithDebInfo|Win32.Build.0 = RelWithDebInfo|Win32
		{D2D026ED-ABB6-4696-8FF5-50F0FC451C91}.Debug|Win32.ActiveCfg = Debug|Win32
		{D2D026ED-ABB6-4696-8FF5-50F0FC451C91}.Debug|Win32.Build.0 = Debug|Win32
		{D2D026ED-ABB6-4696-8FF5-50F0FC451C91}.Release|Win32.ActiveCfg = Release|Win32
		{D2D026ED-ABB6-4696-8FF5-50F0FC451C91}.Release|Win32.Build.0 = Release|Win32
		{D2D026ED-ABB6-4696-8FF5-50F0FC451C91}.MinSizeRel|Win32.ActiveCfg = MinSizeRel|Win32
		{D2D026ED-ABB6-4696-8FF5-50F0FC451C91}.MinSizeRel|Win32.Build.0 = MinSizeRel|Win32
		{D2D026ED-ABB6-4696-8FF5-50F0FC451C91}.RelWithDebInfo|Win32.ActiveCfg = RelWithDebInfo|Win32
		{D2D026ED-ABB6-4696-8FF5-50F0FC451C91}.RelWithDebInfo|Win32.Build.0 = RelWithDebInfo|Win32
		{ABBD126A-9A4C-478B-9042-C116892DB354}.Debug|Win32.ActiveCfg = Debug|Win32
		{ABBD126A-9A4C-478B-9042-C116892DB354}.Debug|Win32.Build.0 = Debug|Win32
		{ABBD126A-9A4C-478B-9042-C116892DB354}.Release|Win32.ActiveCfg = Release|Win32
		{ABBD126A-9A4C-478B-9042-C116892DB354}.Release|Win32.Build.0 = Release|Win32
		{ABBD126A-9A4C-478B-9042-C116892DB354}.MinSizeRel|Win32.ActiveCfg = MinSizeRel|Win32
		{ABBD126A-9A4C-478B-9042-C116892DB354}.MinSizeRel|Win32.Build.0 = MinSizeRel|Win32
		{ABBD126A-9A4C-478B-9042-C116892DB354}.RelWithDebInfo|Win32.ActiveCfg = RelWithDebInfo|Win32
		{ABBD126A-9A4C-478B-9042-C116892DB354}.RelWithDebInfo|Win32.Build.0 = RelWithDebInfo|Win32
	EndGlobalSection
	GlobalSection(ExtensibilityGlobals) = postSolution
	EndGlobalSection
	GlobalSection(ExtensibilityAddIns) = postSolution
	EndGlobalSection
EndGlobal
